// !$*UTF8*$!
{
	archiveVersion = 1;
	classes = {
	};
	objectVersion = 46;
	objects = {

/* Begin PBXBuildFile section */
		1816A0D618ED3D0F0073FB5D /* DetailViewController.m in Sources */ = {isa = PBXBuildFile; fileRef = 1816A0D518ED3D0F0073FB5D /* DetailViewController.m */; };
		1816A0D818ED5D1C0073FB5D /* libsqlite3.dylib in Frameworks */ = {isa = PBXBuildFile; fileRef = 1816A0D718ED5D1C0073FB5D /* libsqlite3.dylib */; };
		182AC6EF18EC83D90055BB08 /* ContaktsDataViewController.m in Sources */ = {isa = PBXBuildFile; fileRef = 182AC6EE18EC83D90055BB08 /* ContaktsDataViewController.m */; };
		24AF0E8218EC0F6A00232C71 /* WebViewController.m in Sources */ = {isa = PBXBuildFile; fileRef = 24AF0E8118EC0F6A00232C71 /* WebViewController.m */; };
		24AF0E8518EC2F5700232C71 /* WeatherViewController.m in Sources */ = {isa = PBXBuildFile; fileRef = 24AF0E8418EC2F5700232C71 /* WeatherViewController.m */; };
		24AF0E8818EC2F8400232C71 /* AircraftViewController.m in Sources */ = {isa = PBXBuildFile; fileRef = 24AF0E8718EC2F8400232C71 /* AircraftViewController.m */; };
		B70F0DEE18EBFB0300C0D404 /* GoogleMaps.framework in Frameworks */ = {isa = PBXBuildFile; fileRef = B70F0DED18EBFB0300C0D404 /* GoogleMaps.framework */; };
		B70F0DF018EBFCC200C0D404 /* GoogleMaps.bundle in Resources */ = {isa = PBXBuildFile; fileRef = B70F0DEF18EBFCC100C0D404 /* GoogleMaps.bundle */; };
		B70F0DF218EBFDE500C0D404 /* AVFoundation.framework in Frameworks */ = {isa = PBXBuildFile; fileRef = B70F0DF118EBFDE500C0D404 /* AVFoundation.framework */; };
		B70F0DF418EBFDEE00C0D404 /* CoreData.framework in Frameworks */ = {isa = PBXBuildFile; fileRef = B70F0DF318EBFDEE00C0D404 /* CoreData.framework */; };
		B70F0DF618EBFDF600C0D404 /* CoreLocation.framework in Frameworks */ = {isa = PBXBuildFile; fileRef = B70F0DF518EBFDF600C0D404 /* CoreLocation.framework */; };
		B70F0DF818EBFE0100C0D404 /* CoreText.framework in Frameworks */ = {isa = PBXBuildFile; fileRef = B70F0DF718EBFE0100C0D404 /* CoreText.framework */; };
		B70F0DFA18EBFE1400C0D404 /* GLKit.framework in Frameworks */ = {isa = PBXBuildFile; fileRef = B70F0DF918EBFE1400C0D404 /* GLKit.framework */; };
		B70F0DFC18EBFE2700C0D404 /* ImageIO.framework in Frameworks */ = {isa = PBXBuildFile; fileRef = B70F0DFB18EBFE2700C0D404 /* ImageIO.framework */; };
		B70F0DFE18EBFE4500C0D404 /* libc++.dylib in Frameworks */ = {isa = PBXBuildFile; fileRef = B70F0DFD18EBFE4500C0D404 /* libc++.dylib */; };
		B70F0E0018EBFE6500C0D404 /* libicucore.dylib in Frameworks */ = {isa = PBXBuildFile; fileRef = B70F0DFF18EBFE6500C0D404 /* libicucore.dylib */; };
		B70F0E0218EBFE7200C0D404 /* libz.dylib in Frameworks */ = {isa = PBXBuildFile; fileRef = B70F0E0118EBFE7200C0D404 /* libz.dylib */; };
		B70F0E0418EBFE8000C0D404 /* OpenGLES.framework in Frameworks */ = {isa = PBXBuildFile; fileRef = B70F0E0318EBFE8000C0D404 /* OpenGLES.framework */; };
		B70F0E0618EBFE8900C0D404 /* QuartzCore.framework in Frameworks */ = {isa = PBXBuildFile; fileRef = B70F0E0518EBFE8900C0D404 /* QuartzCore.framework */; };
		B70F0E0818EBFE9300C0D404 /* SystemConfiguration.framework in Frameworks */ = {isa = PBXBuildFile; fileRef = B70F0E0718EBFE9300C0D404 /* SystemConfiguration.framework */; };
		B79B18AE18EAD3EA00895821 /* Foundation.framework in Frameworks */ = {isa = PBXBuildFile; fileRef = B79B18AD18EAD3EA00895821 /* Foundation.framework */; };
		B79B18B018EAD3EA00895821 /* CoreGraphics.framework in Frameworks */ = {isa = PBXBuildFile; fileRef = B79B18AF18EAD3EA00895821 /* CoreGraphics.framework */; };
		B79B18B218EAD3EA00895821 /* UIKit.framework in Frameworks */ = {isa = PBXBuildFile; fileRef = B79B18B118EAD3EA00895821 /* UIKit.framework */; };
		B79B18B818EAD3EA00895821 /* InfoPlist.strings in Resources */ = {isa = PBXBuildFile; fileRef = B79B18B618EAD3EA00895821 /* InfoPlist.strings */; };
		B79B18BA18EAD3EA00895821 /* main.m in Sources */ = {isa = PBXBuildFile; fileRef = B79B18B918EAD3EA00895821 /* main.m */; };
		B79B18BE18EAD3EA00895821 /* AppDelegate.m in Sources */ = {isa = PBXBuildFile; fileRef = B79B18BD18EAD3EA00895821 /* AppDelegate.m */; };
		B79B18C118EAD3EA00895821 /* Main_iPhone.storyboard in Resources */ = {isa = PBXBuildFile; fileRef = B79B18BF18EAD3EA00895821 /* Main_iPhone.storyboard */; };
		B79B18C418EAD3EA00895821 /* Main_iPad.storyboard in Resources */ = {isa = PBXBuildFile; fileRef = B79B18C218EAD3EA00895821 /* Main_iPad.storyboard */; };
		B79B18C718EAD3EA00895821 /* (null) in Sources */ = {isa = PBXBuildFile; };
		B79B18CC18EAD3EA00895821 /* Images.xcassets in Resources */ = {isa = PBXBuildFile; fileRef = B79B18CB18EAD3EA00895821 /* Images.xcassets */; };
		B79B18D318EAD3EA00895821 /* XCTest.framework in Frameworks */ = {isa = PBXBuildFile; fileRef = B79B18D218EAD3EA00895821 /* XCTest.framework */; };
		B79B18D418EAD3EA00895821 /* Foundation.framework in Frameworks */ = {isa = PBXBuildFile; fileRef = B79B18AD18EAD3EA00895821 /* Foundation.framework */; };
		B79B18D518EAD3EA00895821 /* UIKit.framework in Frameworks */ = {isa = PBXBuildFile; fileRef = B79B18B118EAD3EA00895821 /* UIKit.framework */; };
		B79B18DD18EAD3EA00895821 /* InfoPlist.strings in Resources */ = {isa = PBXBuildFile; fileRef = B79B18DB18EAD3EA00895821 /* InfoPlist.strings */; };
		B79B18DF18EAD3EA00895821 /* Randers_Flyveklub_iOS_AppTests.m in Sources */ = {isa = PBXBuildFile; fileRef = B79B18DE18EAD3EA00895821 /* Randers_Flyveklub_iOS_AppTests.m */; };
		B7B4474318EC19F700E4170E /* MapViewController.m in Sources */ = {isa = PBXBuildFile; fileRef = B7B4474218EC19F700E4170E /* MapViewController.m */; };
/* End PBXBuildFile section */

/* Begin PBXContainerItemProxy section */
		B79B18D618EAD3EA00895821 /* PBXContainerItemProxy */ = {
			isa = PBXContainerItemProxy;
			containerPortal = B79B18A218EAD3E900895821 /* Project object */;
			proxyType = 1;
			remoteGlobalIDString = B79B18A918EAD3EA00895821;
			remoteInfo = "Randers Flyveklub iOS App";
		};
/* End PBXContainerItemProxy section */

/* Begin PBXFileReference section */
		1816A0D418ED3D0F0073FB5D /* DetailViewController.h */ = {isa = PBXFileReference; fileEncoding = 4; lastKnownFileType = sourcecode.c.h; path = DetailViewController.h; sourceTree = "<group>"; };
		1816A0D518ED3D0F0073FB5D /* DetailViewController.m */ = {isa = PBXFileReference; fileEncoding = 4; lastKnownFileType = sourcecode.c.objc; path = DetailViewController.m; sourceTree = "<group>"; };
		1816A0D718ED5D1C0073FB5D /* libsqlite3.dylib */ = {isa = PBXFileReference; lastKnownFileType = "compiled.mach-o.dylib"; name = libsqlite3.dylib; path = usr/lib/libsqlite3.dylib; sourceTree = SDKROOT; };
		182AC6ED18EC83D90055BB08 /* ContaktsDataViewController.h */ = {isa = PBXFileReference; fileEncoding = 4; lastKnownFileType = sourcecode.c.h; path = ContaktsDataViewController.h; sourceTree = "<group>"; };
		182AC6EE18EC83D90055BB08 /* ContaktsDataViewController.m */ = {isa = PBXFileReference; fileEncoding = 4; lastKnownFileType = sourcecode.c.objc; path = ContaktsDataViewController.m; sourceTree = "<group>"; };
		24AF0E8018EC0F6A00232C71 /* WebViewController.h */ = {isa = PBXFileReference; fileEncoding = 4; lastKnownFileType = sourcecode.c.h; path = WebViewController.h; sourceTree = "<group>"; };
		24AF0E8118EC0F6A00232C71 /* WebViewController.m */ = {isa = PBXFileReference; fileEncoding = 4; lastKnownFileType = sourcecode.c.objc; path = WebViewController.m; sourceTree = "<group>"; };
		24AF0E8318EC2F5700232C71 /* WeatherViewController.h */ = {isa = PBXFileReference; fileEncoding = 4; lastKnownFileType = sourcecode.c.h; path = WeatherViewController.h; sourceTree = "<group>"; };
		24AF0E8418EC2F5700232C71 /* WeatherViewController.m */ = {isa = PBXFileReference; fileEncoding = 4; lastKnownFileType = sourcecode.c.objc; path = WeatherViewController.m; sourceTree = "<group>"; };
		24AF0E8618EC2F8400232C71 /* AircraftViewController.h */ = {isa = PBXFileReference; fileEncoding = 4; lastKnownFileType = sourcecode.c.h; path = AircraftViewController.h; sourceTree = "<group>"; };
		24AF0E8718EC2F8400232C71 /* AircraftViewController.m */ = {isa = PBXFileReference; fileEncoding = 4; lastKnownFileType = sourcecode.c.objc; path = AircraftViewController.m; sourceTree = "<group>"; };
		B70F0DED18EBFB0300C0D404 /* GoogleMaps.framework */ = {isa = PBXFileReference; lastKnownFileType = wrapper.framework; path = GoogleMaps.framework; sourceTree = "<group>"; };
		B70F0DEF18EBFCC100C0D404 /* GoogleMaps.bundle */ = {isa = PBXFileReference; lastKnownFileType = "wrapper.plug-in"; name = GoogleMaps.bundle; path = GoogleMaps.framework/Versions/A/Resources/GoogleMaps.bundle; sourceTree = "<group>"; };
		B70F0DF118EBFDE500C0D404 /* AVFoundation.framework */ = {isa = PBXFileReference; lastKnownFileType = wrapper.framework; name = AVFoundation.framework; path = System/Library/Frameworks/AVFoundation.framework; sourceTree = SDKROOT; };
		B70F0DF318EBFDEE00C0D404 /* CoreData.framework */ = {isa = PBXFileReference; lastKnownFileType = wrapper.framework; name = CoreData.framework; path = System/Library/Frameworks/CoreData.framework; sourceTree = SDKROOT; };
		B70F0DF518EBFDF600C0D404 /* CoreLocation.framework */ = {isa = PBXFileReference; lastKnownFileType = wrapper.framework; name = CoreLocation.framework; path = System/Library/Frameworks/CoreLocation.framework; sourceTree = SDKROOT; };
		B70F0DF718EBFE0100C0D404 /* CoreText.framework */ = {isa = PBXFileReference; lastKnownFileType = wrapper.framework; name = CoreText.framework; path = System/Library/Frameworks/CoreText.framework; sourceTree = SDKROOT; };
		B70F0DF918EBFE1400C0D404 /* GLKit.framework */ = {isa = PBXFileReference; lastKnownFileType = wrapper.framework; name = GLKit.framework; path = System/Library/Frameworks/GLKit.framework; sourceTree = SDKROOT; };
		B70F0DFB18EBFE2700C0D404 /* ImageIO.framework */ = {isa = PBXFileReference; lastKnownFileType = wrapper.framework; name = ImageIO.framework; path = System/Library/Frameworks/ImageIO.framework; sourceTree = SDKROOT; };
		B70F0DFD18EBFE4500C0D404 /* libc++.dylib */ = {isa = PBXFileReference; lastKnownFileType = "compiled.mach-o.dylib"; name = "libc++.dylib"; path = "usr/lib/libc++.dylib"; sourceTree = SDKROOT; };
		B70F0DFF18EBFE6500C0D404 /* libicucore.dylib */ = {isa = PBXFileReference; lastKnownFileType = "compiled.mach-o.dylib"; name = libicucore.dylib; path = usr/lib/libicucore.dylib; sourceTree = SDKROOT; };
		B70F0E0118EBFE7200C0D404 /* libz.dylib */ = {isa = PBXFileReference; lastKnownFileType = "compiled.mach-o.dylib"; name = libz.dylib; path = usr/lib/libz.dylib; sourceTree = SDKROOT; };
		B70F0E0318EBFE8000C0D404 /* OpenGLES.framework */ = {isa = PBXFileReference; lastKnownFileType = wrapper.framework; name = OpenGLES.framework; path = System/Library/Frameworks/OpenGLES.framework; sourceTree = SDKROOT; };
		B70F0E0518EBFE8900C0D404 /* QuartzCore.framework */ = {isa = PBXFileReference; lastKnownFileType = wrapper.framework; name = QuartzCore.framework; path = System/Library/Frameworks/QuartzCore.framework; sourceTree = SDKROOT; };
		B70F0E0718EBFE9300C0D404 /* SystemConfiguration.framework */ = {isa = PBXFileReference; lastKnownFileType = wrapper.framework; name = SystemConfiguration.framework; path = System/Library/Frameworks/SystemConfiguration.framework; sourceTree = SDKROOT; };
		B79B18AA18EAD3EA00895821 /* Randers Flyveklub iOS App.app */ = {isa = PBXFileReference; explicitFileType = wrapper.application; includeInIndex = 0; path = "Randers Flyveklub iOS App.app"; sourceTree = BUILT_PRODUCTS_DIR; };
		B79B18AD18EAD3EA00895821 /* Foundation.framework */ = {isa = PBXFileReference; lastKnownFileType = wrapper.framework; name = Foundation.framework; path = System/Library/Frameworks/Foundation.framework; sourceTree = SDKROOT; };
		B79B18AF18EAD3EA00895821 /* CoreGraphics.framework */ = {isa = PBXFileReference; lastKnownFileType = wrapper.framework; name = CoreGraphics.framework; path = System/Library/Frameworks/CoreGraphics.framework; sourceTree = SDKROOT; };
		B79B18B118EAD3EA00895821 /* UIKit.framework */ = {isa = PBXFileReference; lastKnownFileType = wrapper.framework; name = UIKit.framework; path = System/Library/Frameworks/UIKit.framework; sourceTree = SDKROOT; };
		B79B18B518EAD3EA00895821 /* Randers Flyveklub iOS App-Info.plist */ = {isa = PBXFileReference; lastKnownFileType = text.plist.xml; path = "Randers Flyveklub iOS App-Info.plist"; sourceTree = "<group>"; };
		B79B18B718EAD3EA00895821 /* en */ = {isa = PBXFileReference; lastKnownFileType = text.plist.strings; name = en; path = en.lproj/InfoPlist.strings; sourceTree = "<group>"; };
		B79B18B918EAD3EA00895821 /* main.m */ = {isa = PBXFileReference; lastKnownFileType = sourcecode.c.objc; path = main.m; sourceTree = "<group>"; };
		B79B18BB18EAD3EA00895821 /* Randers Flyveklub iOS App-Prefix.pch */ = {isa = PBXFileReference; lastKnownFileType = sourcecode.c.h; path = "Randers Flyveklub iOS App-Prefix.pch"; sourceTree = "<group>"; };
		B79B18BC18EAD3EA00895821 /* AppDelegate.h */ = {isa = PBXFileReference; lastKnownFileType = sourcecode.c.h; path = AppDelegate.h; sourceTree = "<group>"; };
		B79B18BD18EAD3EA00895821 /* AppDelegate.m */ = {isa = PBXFileReference; lastKnownFileType = sourcecode.c.objc; path = AppDelegate.m; sourceTree = "<group>"; };
		B79B18C018EAD3EA00895821 /* Base */ = {isa = PBXFileReference; lastKnownFileType = file.storyboard; name = Base; path = Base.lproj/Main_iPhone.storyboard; sourceTree = "<group>"; };
		B79B18C318EAD3EA00895821 /* Base */ = {isa = PBXFileReference; lastKnownFileType = file.storyboard; name = Base; path = Base.lproj/Main_iPad.storyboard; sourceTree = "<group>"; };
		B79B18CB18EAD3EA00895821 /* Images.xcassets */ = {isa = PBXFileReference; lastKnownFileType = folder.assetcatalog; path = Images.xcassets; sourceTree = "<group>"; };
		B79B18D118EAD3EA00895821 /* Randers Flyveklub iOS AppTests.xctest */ = {isa = PBXFileReference; explicitFileType = wrapper.cfbundle; includeInIndex = 0; path = "Randers Flyveklub iOS AppTests.xctest"; sourceTree = BUILT_PRODUCTS_DIR; };
		B79B18D218EAD3EA00895821 /* XCTest.framework */ = {isa = PBXFileReference; lastKnownFileType = wrapper.framework; name = XCTest.framework; path = Library/Frameworks/XCTest.framework; sourceTree = DEVELOPER_DIR; };
		B79B18DA18EAD3EA00895821 /* Randers Flyveklub iOS AppTests-Info.plist */ = {isa = PBXFileReference; lastKnownFileType = text.plist.xml; path = "Randers Flyveklub iOS AppTests-Info.plist"; sourceTree = "<group>"; };
		B79B18DC18EAD3EA00895821 /* en */ = {isa = PBXFileReference; lastKnownFileType = text.plist.strings; name = en; path = en.lproj/InfoPlist.strings; sourceTree = "<group>"; };
		B79B18DE18EAD3EA00895821 /* Randers_Flyveklub_iOS_AppTests.m */ = {isa = PBXFileReference; lastKnownFileType = sourcecode.c.objc; path = Randers_Flyveklub_iOS_AppTests.m; sourceTree = "<group>"; };
		B7B4474118EC19F700E4170E /* MapViewController.h */ = {isa = PBXFileReference; fileEncoding = 4; lastKnownFileType = sourcecode.c.h; path = MapViewController.h; sourceTree = "<group>"; };
		B7B4474218EC19F700E4170E /* MapViewController.m */ = {isa = PBXFileReference; fileEncoding = 4; lastKnownFileType = sourcecode.c.objc; path = MapViewController.m; sourceTree = "<group>"; };
/* End PBXFileReference section */

/* Begin PBXFrameworksBuildPhase section */
		B79B18A718EAD3EA00895821 /* Frameworks */ = {
			isa = PBXFrameworksBuildPhase;
			buildActionMask = 2147483647;
			files = (
				1816A0D818ED5D1C0073FB5D /* libsqlite3.dylib in Frameworks */,
				B70F0E0818EBFE9300C0D404 /* SystemConfiguration.framework in Frameworks */,
				B70F0E0618EBFE8900C0D404 /* QuartzCore.framework in Frameworks */,
				B70F0E0418EBFE8000C0D404 /* OpenGLES.framework in Frameworks */,
				B70F0E0218EBFE7200C0D404 /* libz.dylib in Frameworks */,
				B70F0E0018EBFE6500C0D404 /* libicucore.dylib in Frameworks */,
				B70F0DFE18EBFE4500C0D404 /* libc++.dylib in Frameworks */,
				B70F0DFC18EBFE2700C0D404 /* ImageIO.framework in Frameworks */,
				B70F0DFA18EBFE1400C0D404 /* GLKit.framework in Frameworks */,
				B70F0DF818EBFE0100C0D404 /* CoreText.framework in Frameworks */,
				B70F0DF618EBFDF600C0D404 /* CoreLocation.framework in Frameworks */,
				B70F0DF418EBFDEE00C0D404 /* CoreData.framework in Frameworks */,
				B70F0DF218EBFDE500C0D404 /* AVFoundation.framework in Frameworks */,
				B79B18B018EAD3EA00895821 /* CoreGraphics.framework in Frameworks */,
				B79B18B218EAD3EA00895821 /* UIKit.framework in Frameworks */,
				B70F0DEE18EBFB0300C0D404 /* GoogleMaps.framework in Frameworks */,
				B79B18AE18EAD3EA00895821 /* Foundation.framework in Frameworks */,
			);
			runOnlyForDeploymentPostprocessing = 0;
		};
		B79B18CE18EAD3EA00895821 /* Frameworks */ = {
			isa = PBXFrameworksBuildPhase;
			buildActionMask = 2147483647;
			files = (
				B79B18D318EAD3EA00895821 /* XCTest.framework in Frameworks */,
				B79B18D518EAD3EA00895821 /* UIKit.framework in Frameworks */,
				B79B18D418EAD3EA00895821 /* Foundation.framework in Frameworks */,
			);
			runOnlyForDeploymentPostprocessing = 0;
		};
/* End PBXFrameworksBuildPhase section */

/* Begin PBXGroup section */
		B79B18A118EAD3E900895821 = {
			isa = PBXGroup;
			children = (
				B79B18B318EAD3EA00895821 /* Randers Flyveklub iOS App */,
				B79B18D818EAD3EA00895821 /* Randers Flyveklub iOS AppTests */,
				B79B18AC18EAD3EA00895821 /* Frameworks */,
				B79B18AB18EAD3EA00895821 /* Products */,
			);
			sourceTree = "<group>";
		};
		B79B18AB18EAD3EA00895821 /* Products */ = {
			isa = PBXGroup;
			children = (
				B79B18AA18EAD3EA00895821 /* Randers Flyveklub iOS App.app */,
				B79B18D118EAD3EA00895821 /* Randers Flyveklub iOS AppTests.xctest */,
			);
			name = Products;
			sourceTree = "<group>";
		};
		B79B18AC18EAD3EA00895821 /* Frameworks */ = {
			isa = PBXGroup;
			children = (
				1816A0D718ED5D1C0073FB5D /* libsqlite3.dylib */,
				B70F0E0718EBFE9300C0D404 /* SystemConfiguration.framework */,
				B70F0E0518EBFE8900C0D404 /* QuartzCore.framework */,
				B70F0E0318EBFE8000C0D404 /* OpenGLES.framework */,
				B70F0E0118EBFE7200C0D404 /* libz.dylib */,
				B70F0DFF18EBFE6500C0D404 /* libicucore.dylib */,
				B70F0DFD18EBFE4500C0D404 /* libc++.dylib */,
				B70F0DFB18EBFE2700C0D404 /* ImageIO.framework */,
				B70F0DF918EBFE1400C0D404 /* GLKit.framework */,
				B70F0DF718EBFE0100C0D404 /* CoreText.framework */,
				B70F0DF518EBFDF600C0D404 /* CoreLocation.framework */,
				B70F0DF318EBFDEE00C0D404 /* CoreData.framework */,
				B70F0DF118EBFDE500C0D404 /* AVFoundation.framework */,
				B70F0DEF18EBFCC100C0D404 /* GoogleMaps.bundle */,
				B70F0DED18EBFB0300C0D404 /* GoogleMaps.framework */,
				B79B18AD18EAD3EA00895821 /* Foundation.framework */,
				B79B18AF18EAD3EA00895821 /* CoreGraphics.framework */,
				B79B18B118EAD3EA00895821 /* UIKit.framework */,
				B79B18D218EAD3EA00895821 /* XCTest.framework */,
			);
			name = Frameworks;
			sourceTree = "<group>";
		};
		B79B18B318EAD3EA00895821 /* Randers Flyveklub iOS App */ = {
			isa = PBXGroup;
			children = (
				B7E56C4218EC3F4B0003C942 /* iPad */,
				B79B18BC18EAD3EA00895821 /* AppDelegate.h */,
				B79B18BD18EAD3EA00895821 /* AppDelegate.m */,
				B79B18BF18EAD3EA00895821 /* Main_iPhone.storyboard */,
				B79B18C218EAD3EA00895821 /* Main_iPad.storyboard */,
				B7E56C3318EC3EB10003C942 /* Map */,
				B7E56C3518EC3EC20003C942 /* Contact */,
				B7E56C3418EC3EB70003C942 /* Web */,
				B7E56C3218EC3EA80003C942 /* Weather */,
				B7E56C3618EC3EED0003C942 /* Aircraft */,
				B79B18CB18EAD3EA00895821 /* Images.xcassets */,
				B79B18B418EAD3EA00895821 /* Supporting Files */,
			);
			path = "Randers Flyveklub iOS App";
			sourceTree = "<group>";
		};
		B79B18B418EAD3EA00895821 /* Supporting Files */ = {
			isa = PBXGroup;
			children = (
				B79B18B518EAD3EA00895821 /* Randers Flyveklub iOS App-Info.plist */,
				B79B18B618EAD3EA00895821 /* InfoPlist.strings */,
				B79B18B918EAD3EA00895821 /* main.m */,
				B79B18BB18EAD3EA00895821 /* Randers Flyveklub iOS App-Prefix.pch */,
			);
			name = "Supporting Files";
			sourceTree = "<group>";
		};
		B79B18D818EAD3EA00895821 /* Randers Flyveklub iOS AppTests */ = {
			isa = PBXGroup;
			children = (
				B79B18DE18EAD3EA00895821 /* Randers_Flyveklub_iOS_AppTests.m */,
				B79B18D918EAD3EA00895821 /* Supporting Files */,
			);
			path = "Randers Flyveklub iOS AppTests";
			sourceTree = "<group>";
		};
		B79B18D918EAD3EA00895821 /* Supporting Files */ = {
			isa = PBXGroup;
			children = (
				B79B18DA18EAD3EA00895821 /* Randers Flyveklub iOS AppTests-Info.plist */,
				B79B18DB18EAD3EA00895821 /* InfoPlist.strings */,
			);
			name = "Supporting Files";
			sourceTree = "<group>";
		};
		B7E56C3218EC3EA80003C942 /* Weather */ = {
			isa = PBXGroup;
			children = (
				24AF0E8318EC2F5700232C71 /* WeatherViewController.h */,
				24AF0E8418EC2F5700232C71 /* WeatherViewController.m */,
			);
			name = Weather;
			sourceTree = "<group>";
		};
		B7E56C3318EC3EB10003C942 /* Map */ = {
			isa = PBXGroup;
			children = (
				B7B4474118EC19F700E4170E /* MapViewController.h */,
				B7B4474218EC19F700E4170E /* MapViewController.m */,
			);
			name = Map;
			sourceTree = "<group>";
		};
		B7E56C3418EC3EB70003C942 /* Web */ = {
			isa = PBXGroup;
			children = (
				24AF0E8018EC0F6A00232C71 /* WebViewController.h */,
				24AF0E8118EC0F6A00232C71 /* WebViewController.m */,
			);
			name = Web;
			sourceTree = "<group>";
		};
		B7E56C3518EC3EC20003C942 /* Contact */ = {
			isa = PBXGroup;
			children = (
				1816A0D418ED3D0F0073FB5D /* DetailViewController.h */,
				1816A0D518ED3D0F0073FB5D /* DetailViewController.m */,
				182AC6ED18EC83D90055BB08 /* ContaktsDataViewController.h */,
				182AC6EE18EC83D90055BB08 /* ContaktsDataViewController.m */,
			);
			name = Contact;
			sourceTree = "<group>";
		};
		B7E56C3618EC3EED0003C942 /* Aircraft */ = {
			isa = PBXGroup;
			children = (
				24AF0E8618EC2F8400232C71 /* AircraftViewController.h */,
				24AF0E8718EC2F8400232C71 /* AircraftViewController.m */,
			);
			name = Aircraft;
			sourceTree = "<group>";
		};
		B7E56C4218EC3F4B0003C942 /* iPad */ = {
			isa = PBXGroup;
			children = (
			);
			name = iPad;
			sourceTree = "<group>";
		};
/* End PBXGroup section */

/* Begin PBXNativeTarget section */
		B79B18A918EAD3EA00895821 /* Randers Flyveklub iOS App */ = {
			isa = PBXNativeTarget;
			buildConfigurationList = B79B18E218EAD3EA00895821 /* Build configuration list for PBXNativeTarget "Randers Flyveklub iOS App" */;
			buildPhases = (
				B79B18A618EAD3EA00895821 /* Sources */,
				B79B18A718EAD3EA00895821 /* Frameworks */,
				B79B18A818EAD3EA00895821 /* Resources */,
			);
			buildRules = (
			);
			dependencies = (
			);
			name = "Randers Flyveklub iOS App";
			productName = "Randers Flyveklub iOS App";
			productReference = B79B18AA18EAD3EA00895821 /* Randers Flyveklub iOS App.app */;
			productType = "com.apple.product-type.application";
		};
		B79B18D018EAD3EA00895821 /* Randers Flyveklub iOS AppTests */ = {
			isa = PBXNativeTarget;
			buildConfigurationList = B79B18E518EAD3EA00895821 /* Build configuration list for PBXNativeTarget "Randers Flyveklub iOS AppTests" */;
			buildPhases = (
				B79B18CD18EAD3EA00895821 /* Sources */,
				B79B18CE18EAD3EA00895821 /* Frameworks */,
				B79B18CF18EAD3EA00895821 /* Resources */,
			);
			buildRules = (
			);
			dependencies = (
				B79B18D718EAD3EA00895821 /* PBXTargetDependency */,
			);
			name = "Randers Flyveklub iOS AppTests";
			productName = "Randers Flyveklub iOS AppTests";
			productReference = B79B18D118EAD3EA00895821 /* Randers Flyveklub iOS AppTests.xctest */;
			productType = "com.apple.product-type.bundle.unit-test";
		};
/* End PBXNativeTarget section */

/* Begin PBXProject section */
		B79B18A218EAD3E900895821 /* Project object */ = {
			isa = PBXProject;
			attributes = {
				LastUpgradeCheck = 0510;
				ORGANIZATIONNAME = "TGD Inc";
				TargetAttributes = {
					B79B18D018EAD3EA00895821 = {
						TestTargetID = B79B18A918EAD3EA00895821;
					};
				};
			};
			buildConfigurationList = B79B18A518EAD3E900895821 /* Build configuration list for PBXProject "Randers Flyveklub iOS App" */;
			compatibilityVersion = "Xcode 3.2";
			developmentRegion = English;
			hasScannedForEncodings = 0;
			knownRegions = (
				en,
				Base,
			);
			mainGroup = B79B18A118EAD3E900895821;
			productRefGroup = B79B18AB18EAD3EA00895821 /* Products */;
			projectDirPath = "";
			projectRoot = "";
			targets = (
				B79B18A918EAD3EA00895821 /* Randers Flyveklub iOS App */,
				B79B18D018EAD3EA00895821 /* Randers Flyveklub iOS AppTests */,
			);
		};
/* End PBXProject section */

/* Begin PBXResourcesBuildPhase section */
		B79B18A818EAD3EA00895821 /* Resources */ = {
			isa = PBXResourcesBuildPhase;
			buildActionMask = 2147483647;
			files = (
				B79B18C418EAD3EA00895821 /* Main_iPad.storyboard in Resources */,
				B79B18CC18EAD3EA00895821 /* Images.xcassets in Resources */,
				B79B18C118EAD3EA00895821 /* Main_iPhone.storyboard in Resources */,
				B79B18B818EAD3EA00895821 /* InfoPlist.strings in Resources */,
				B70F0DF018EBFCC200C0D404 /* GoogleMaps.bundle in Resources */,
			);
			runOnlyForDeploymentPostprocessing = 0;
		};
		B79B18CF18EAD3EA00895821 /* Resources */ = {
			isa = PBXResourcesBuildPhase;
			buildActionMask = 2147483647;
			files = (
				B79B18DD18EAD3EA00895821 /* InfoPlist.strings in Resources */,
			);
			runOnlyForDeploymentPostprocessing = 0;
		};
/* End PBXResourcesBuildPhase section */

/* Begin PBXSourcesBuildPhase section */
		B79B18A618EAD3EA00895821 /* Sources */ = {
			isa = PBXSourcesBuildPhase;
			buildActionMask = 2147483647;
			files = (
				24AF0E8818EC2F8400232C71 /* AircraftViewController.m in Sources */,
				24AF0E8518EC2F5700232C71 /* WeatherViewController.m in Sources */,
				1816A0D618ED3D0F0073FB5D /* DetailViewController.m in Sources */,
				24AF0E8218EC0F6A00232C71 /* WebViewController.m in Sources */,
				B79B18BE18EAD3EA00895821 /* AppDelegate.m in Sources */,
				182AC6EF18EC83D90055BB08 /* ContaktsDataViewController.m in Sources */,
				B79B18C718EAD3EA00895821 /* (null) in Sources */,
				B79B18BA18EAD3EA00895821 /* main.m in Sources */,
				B7B4474318EC19F700E4170E /* MapViewController.m in Sources */,
			);
			runOnlyForDeploymentPostprocessing = 0;
		};
		B79B18CD18EAD3EA00895821 /* Sources */ = {
			isa = PBXSourcesBuildPhase;
			buildActionMask = 2147483647;
			files = (
				B79B18DF18EAD3EA00895821 /* Randers_Flyveklub_iOS_AppTests.m in Sources */,
			);
			runOnlyForDeploymentPostprocessing = 0;
		};
/* End PBXSourcesBuildPhase section */

/* Begin PBXTargetDependency section */
		B79B18D718EAD3EA00895821 /* PBXTargetDependency */ = {
			isa = PBXTargetDependency;
			target = B79B18A918EAD3EA00895821 /* Randers Flyveklub iOS App */;
			targetProxy = B79B18D618EAD3EA00895821 /* PBXContainerItemProxy */;
		};
/* End PBXTargetDependency section */

/* Begin PBXVariantGroup section */
		B79B18B618EAD3EA00895821 /* InfoPlist.strings */ = {
			isa = PBXVariantGroup;
			children = (
				B79B18B718EAD3EA00895821 /* en */,
			);
			name = InfoPlist.strings;
			sourceTree = "<group>";
		};
		B79B18BF18EAD3EA00895821 /* Main_iPhone.storyboard */ = {
			isa = PBXVariantGroup;
			children = (
				B79B18C018EAD3EA00895821 /* Base */,
			);
			name = Main_iPhone.storyboard;
			sourceTree = "<group>";
		};
		B79B18C218EAD3EA00895821 /* Main_iPad.storyboard */ = {
			isa = PBXVariantGroup;
			children = (
				B79B18C318EAD3EA00895821 /* Base */,
			);
			name = Main_iPad.storyboard;
			sourceTree = "<group>";
		};
		B79B18DB18EAD3EA00895821 /* InfoPlist.strings */ = {
			isa = PBXVariantGroup;
			children = (
				B79B18DC18EAD3EA00895821 /* en */,
			);
			name = InfoPlist.strings;
			sourceTree = "<group>";
		};
/* End PBXVariantGroup section */

/* Begin XCBuildConfiguration section */
		B79B18E018EAD3EA00895821 /* Debug */ = {
			isa = XCBuildConfiguration;
			buildSettings = {
				ALWAYS_SEARCH_USER_PATHS = NO;
				CLANG_CXX_LANGUAGE_STANDARD = "gnu++0x";
				CLANG_CXX_LIBRARY = "libc++";
				CLANG_ENABLE_MODULES = YES;
				CLANG_ENABLE_OBJC_ARC = YES;
				CLANG_WARN_BOOL_CONVERSION = YES;
				CLANG_WARN_CONSTANT_CONVERSION = YES;
				CLANG_WARN_DIRECT_OBJC_ISA_USAGE = YES_ERROR;
				CLANG_WARN_EMPTY_BODY = YES;
				CLANG_WARN_ENUM_CONVERSION = YES;
				CLANG_WARN_INT_CONVERSION = YES;
				CLANG_WARN_OBJC_ROOT_CLASS = YES_ERROR;
				CLANG_WARN__DUPLICATE_METHOD_MATCH = YES;
				"CODE_SIGN_IDENTITY[sdk=iphoneos*]" = "iPhone Developer";
				COPY_PHASE_STRIP = NO;
				GCC_C_LANGUAGE_STANDARD = gnu99;
				GCC_DYNAMIC_NO_PIC = NO;
				GCC_OPTIMIZATION_LEVEL = 0;
				GCC_PREPROCESSOR_DEFINITIONS = (
					"DEBUG=1",
					"$(inherited)",
				);
				GCC_SYMBOLS_PRIVATE_EXTERN = NO;
				GCC_WARN_64_TO_32_BIT_CONVERSION = YES;
				GCC_WARN_ABOUT_RETURN_TYPE = YES_ERROR;
				GCC_WARN_UNDECLARED_SELECTOR = YES;
				GCC_WARN_UNINITIALIZED_AUTOS = YES_AGGRESSIVE;
				GCC_WARN_UNUSED_FUNCTION = YES;
				GCC_WARN_UNUSED_VARIABLE = YES;
				IPHONEOS_DEPLOYMENT_TARGET = 7.1;
				ONLY_ACTIVE_ARCH = YES;
				SDKROOT = iphoneos;
				TARGETED_DEVICE_FAMILY = "1,2";
			};
			name = Debug;
		};
		B79B18E118EAD3EA00895821 /* Release */ = {
			isa = XCBuildConfiguration;
			buildSettings = {
				ALWAYS_SEARCH_USER_PATHS = NO;
				CLANG_CXX_LANGUAGE_STANDARD = "gnu++0x";
				CLANG_CXX_LIBRARY = "libc++";
				CLANG_ENABLE_MODULES = YES;
				CLANG_ENABLE_OBJC_ARC = YES;
				CLANG_WARN_BOOL_CONVERSION = YES;
				CLANG_WARN_CONSTANT_CONVERSION = YES;
				CLANG_WARN_DIRECT_OBJC_ISA_USAGE = YES_ERROR;
				CLANG_WARN_EMPTY_BODY = YES;
				CLANG_WARN_ENUM_CONVERSION = YES;
				CLANG_WARN_INT_CONVERSION = YES;
				CLANG_WARN_OBJC_ROOT_CLASS = YES_ERROR;
				CLANG_WARN__DUPLICATE_METHOD_MATCH = YES;
				"CODE_SIGN_IDENTITY[sdk=iphoneos*]" = "iPhone Developer";
				COPY_PHASE_STRIP = YES;
				ENABLE_NS_ASSERTIONS = NO;
				GCC_C_LANGUAGE_STANDARD = gnu99;
				GCC_WARN_64_TO_32_BIT_CONVERSION = YES;
				GCC_WARN_ABOUT_RETURN_TYPE = YES_ERROR;
				GCC_WARN_UNDECLARED_SELECTOR = YES;
				GCC_WARN_UNINITIALIZED_AUTOS = YES_AGGRESSIVE;
				GCC_WARN_UNUSED_FUNCTION = YES;
				GCC_WARN_UNUSED_VARIABLE = YES;
				IPHONEOS_DEPLOYMENT_TARGET = 7.1;
				SDKROOT = iphoneos;
				TARGETED_DEVICE_FAMILY = "1,2";
				VALIDATE_PRODUCT = YES;
			};
			name = Release;
		};
		B79B18E318EAD3EA00895821 /* Debug */ = {
			isa = XCBuildConfiguration;
			buildSettings = {
				ASSETCATALOG_COMPILER_APPICON_NAME = AppIcon;
				ASSETCATALOG_COMPILER_LAUNCHIMAGE_NAME = LaunchImage;
				CODE_SIGN_IDENTITY = "iPhone Developer";
				FRAMEWORK_SEARCH_PATHS = (
					"$(inherited)",
					"/Users/TGDwarf/Downloads/GoogleMaps-iOS-1.7.2",
					"$(PROJECT_DIR)",
				);
				GCC_PRECOMPILE_PREFIX_HEADER = YES;
				GCC_PREFIX_HEADER = "Randers Flyveklub iOS App/Randers Flyveklub iOS App-Prefix.pch";
				INFOPLIST_FILE = "Randers Flyveklub iOS App/Randers Flyveklub iOS App-Info.plist";
				IPHONEOS_DEPLOYMENT_TARGET = 7.1;
				OTHER_LDFLAGS = "-ObjC";
				PRODUCT_NAME = "$(TARGET_NAME)";
				TARGETED_DEVICE_FAMILY = "1,2";
				WRAPPER_EXTENSION = app;
			};
			name = Debug;
		};
		B79B18E418EAD3EA00895821 /* Release */ = {
			isa = XCBuildConfiguration;
			buildSettings = {
				ASSETCATALOG_COMPILER_APPICON_NAME = AppIcon;
				ASSETCATALOG_COMPILER_LAUNCHIMAGE_NAME = LaunchImage;
				CODE_SIGN_IDENTITY = "iPhone Developer";
				FRAMEWORK_SEARCH_PATHS = (
					"$(inherited)",
					"/Users/TGDwarf/Downloads/GoogleMaps-iOS-1.7.2",
					"$(PROJECT_DIR)",
				);
				GCC_PRECOMPILE_PREFIX_HEADER = YES;
				GCC_PREFIX_HEADER = "Randers Flyveklub iOS App/Randers Flyveklub iOS App-Prefix.pch";
				INFOPLIST_FILE = "Randers Flyveklub iOS App/Randers Flyveklub iOS App-Info.plist";
				IPHONEOS_DEPLOYMENT_TARGET = 7.1;
				OTHER_LDFLAGS = "-ObjC";
				PRODUCT_NAME = "$(TARGET_NAME)";
				TARGETED_DEVICE_FAMILY = "1,2";
				WRAPPER_EXTENSION = app;
			};
			name = Release;
		};
		B79B18E618EAD3EA00895821 /* Debug */ = {
			isa = XCBuildConfiguration;
			buildSettings = {
				BUNDLE_LOADER = "$(BUILT_PRODUCTS_DIR)/Randers Flyveklub iOS App.app/Randers Flyveklub iOS App";
				FRAMEWORK_SEARCH_PATHS = (
					"$(SDKROOT)/Developer/Library/Frameworks",
					"$(inherited)",
					"$(DEVELOPER_FRAMEWORKS_DIR)",
				);
				GCC_PRECOMPILE_PREFIX_HEADER = YES;
				GCC_PREFIX_HEADER = "Randers Flyveklub iOS App/Randers Flyveklub iOS App-Prefix.pch";
				GCC_PREPROCESSOR_DEFINITIONS = (
					"DEBUG=1",
					"$(inherited)",
				);
				INFOPLIST_FILE = "Randers Flyveklub iOS AppTests/Randers Flyveklub iOS AppTests-Info.plist";
				PRODUCT_NAME = "$(TARGET_NAME)";
				TEST_HOST = "$(BUNDLE_LOADER)";
				WRAPPER_EXTENSION = xctest;
			};
			name = Debug;
		};
		B79B18E718EAD3EA00895821 /* Release */ = {
			isa = XCBuildConfiguration;
			buildSettings = {
				BUNDLE_LOADER = "$(BUILT_PRODUCTS_DIR)/Randers Flyveklub iOS App.app/Randers Flyveklub iOS App";
				FRAMEWORK_SEARCH_PATHS = (
					"$(SDKROOT)/Developer/Library/Frameworks",
					"$(inherited)",
					"$(DEVELOPER_FRAMEWORKS_DIR)",
				);
				GCC_PRECOMPILE_PREFIX_HEADER = YES;
				GCC_PREFIX_HEADER = "Randers Flyveklub iOS App/Randers Flyveklub iOS App-Prefix.pch";
				INFOPLIST_FILE = "Randers Flyveklub iOS AppTests/Randers Flyveklub iOS AppTests-Info.plist";
				PRODUCT_NAME = "$(TARGET_NAME)";
				TEST_HOST = "$(BUNDLE_LOADER)";
				WRAPPER_EXTENSION = xctest;
			};
			name = Release;
		};
/* End XCBuildConfiguration section */

/* Begin XCConfigurationList section */
		B79B18A518EAD3E900895821 /* Build configuration list for PBXProject "Randers Flyveklub iOS App" */ = {
			isa = XCConfigurationList;
			buildConfigurations = (
				B79B18E018EAD3EA00895821 /* Debug */,
				B79B18E118EAD3EA00895821 /* Release */,
			);
			defaultConfigurationIsVisible = 0;
			defaultConfigurationName = Release;
		};
		B79B18E218EAD3EA00895821 /* Build configuration list for PBXNativeTarget "Randers Flyveklub iOS App" */ = {
			isa = XCConfigurationList;
			buildConfigurations = (
				B79B18E318EAD3EA00895821 /* Debug */,
				B79B18E418EAD3EA00895821 /* Release */,
			);
			defaultConfigurationIsVisible = 0;
			defaultConfigurationName = Release;
		};
		B79B18E518EAD3EA00895821 /* Build configuration list for PBXNativeTarget "Randers Flyveklub iOS AppTests" */ = {
			isa = XCConfigurationList;
			buildConfigurations = (
				B79B18E618EAD3EA00895821 /* Debug */,
				B79B18E718EAD3EA00895821 /* Release */,
			);
			defaultConfigurationIsVisible = 0;
			defaultConfigurationName = Release;
		};
/* End XCConfigurationList section */
	};
	rootObject = B79B18A218EAD3E900895821 /* Project object */;
}
